
Microsoft Visual Studio Solution File, Format Version 12.00
# Visual Studio Version 16
VisualStudioVersion = 16.0.32002.261
MinimumVisualStudioVersion = 10.0.40219.1
Project("{FAE04EC0-301F-11D3-BF4B-00C04F79EFBC}") = "FAToRegex", "FAToRegex\FAToRegex.csproj", "{41B03B29-0A85-4404-8151-A07268E8F587}"
	ProjectSection(ProjectDependencies) = postProject
		{8847A0A9-52D6-4C47-9C36-C75063968493} = {8847A0A9-52D6-4C47-9C36-C75063968493}
	EndProjectSection
EndProject
Project("{FAE04EC0-301F-11D3-BF4B-00C04F79EFBC}") = "CharClsTableGen", "CharClsTableGen\CharClsTableGen.csproj", "{2A8E4869-FE68-4A30-BE9F-65CBB72B70B3}"
EndProject
Project("{9A19103F-16F7-4668-BE54-9A1E7A4F7556}") = "LexContext", "LexContext\LexContext.csproj", "{9FE755FB-E340-4C97-B7BD-46EDA1DB33BE}"
EndProject
Project("{9A19103F-16F7-4668-BE54-9A1E7A4F7556}") = "FastFA", "FastFA\FastFA.csproj", "{8847A0A9-52D6-4C47-9C36-C75063968493}"
	ProjectSection(ProjectDependencies) = postProject
		{2A8E4869-FE68-4A30-BE9F-65CBB72B70B3} = {2A8E4869-FE68-4A30-BE9F-65CBB72B70B3}
	EndProjectSection
EndProject
Global
	GlobalSection(SolutionConfigurationPlatforms) = preSolution
		Debug|Any CPU = Debug|Any CPU
		Release|Any CPU = Release|Any CPU
	EndGlobalSection
	GlobalSection(ProjectConfigurationPlatforms) = postSolution
		{41B03B29-0A85-4404-8151-A07268E8F587}.Debug|Any CPU.ActiveCfg = Debug|Any CPU
		{41B03B29-0A85-4404-8151-A07268E8F587}.Debug|Any CPU.Build.0 = Debug|Any CPU
		{41B03B29-0A85-4404-8151-A07268E8F587}.Release|Any CPU.ActiveCfg = Release|Any CPU
		{41B03B29-0A85-4404-8151-A07268E8F587}.Release|Any CPU.Build.0 = Release|Any CPU
		{2A8E4869-FE68-4A30-BE9F-65CBB72B70B3}.Debug|Any CPU.ActiveCfg = Debug|Any CPU
		{2A8E4869-FE68-4A30-BE9F-65CBB72B70B3}.Debug|Any CPU.Build.0 = Debug|Any CPU
		{2A8E4869-FE68-4A30-BE9F-65CBB72B70B3}.Release|Any CPU.ActiveCfg = Release|Any CPU
		{2A8E4869-FE68-4A30-BE9F-65CBB72B70B3}.Release|Any CPU.Build.0 = Release|Any CPU
		{9FE755FB-E340-4C97-B7BD-46EDA1DB33BE}.Debug|Any CPU.ActiveCfg = Debug|Any CPU
		{9FE755FB-E340-4C97-B7BD-46EDA1DB33BE}.Debug|Any CPU.Build.0 = Debug|Any CPU
		{9FE755FB-E340-4C97-B7BD-46EDA1DB33BE}.Release|Any CPU.ActiveCfg = Release|Any CPU
		{9FE755FB-E340-4C97-B7BD-46EDA1DB33BE}.Release|Any CPU.Build.0 = Release|Any CPU
		{8847A0A9-52D6-4C47-9C36-C75063968493}.Debug|Any CPU.ActiveCfg = Debug|Any CPU
		{8847A0A9-52D6-4C47-9C36-C75063968493}.Debug|Any CPU.Build.0 = Debug|Any CPU
		{8847A0A9-52D6-4C47-9C36-C75063968493}.Release|Any CPU.ActiveCfg = Release|Any CPU
		{8847A0A9-52D6-4C47-9C36-C75063968493}.Release|Any CPU.Build.0 = Release|Any CPU
	EndGlobalSection
	GlobalSection(SolutionProperties) = preSolution
		HideSolutionNode = FALSE
	EndGlobalSection
	GlobalSection(ExtensibilityGlobals) = postSolution
		SolutionGuid = {852F2716-8DFA-4678-90E7-550B17B2A2A5}
	EndGlobalSection
EndGlobal
